Microsoft Visual Studio Solution File, Format Version 12.00
# Visual Studio Version 17
VisualStudioVersion = 17.5.2.0
MinimumVisualStudioVersion = 10.0.40219.1
Project("{FAE04EC0-301F-11D3-BF4B-00C04F79EFBC}") = "apphta", "apphta.csproj", "{4112FBFD-A350-A8B4-50D8-B9A26F7E4CF6}"
EndProject
Global
	GlobalSection(SolutionConfigurationPlatforms) = preSolution
		Debug|Any CPU = Debug|Any CPU
		Release|Any CPU = Release|Any CPU
	EndGlobalSection
	GlobalSection(ProjectConfigurationPlatforms) = postSolution
		{4112FBFD-A350-A8B4-50D8-B9A26F7E4CF6}.Debug|Any CPU.ActiveCfg = Debug|Any CPU
		{4112FBFD-A350-A8B4-50D8-B9A26F7E4CF6}.Debug|Any CPU.Build.0 = Debug|Any CPU
		{4112FBFD-A350-A8B4-50D8-B9A26F7E4CF6}.Release|Any CPU.ActiveCfg = Release|Any CPU
		{4112FBFD-A350-A8B4-50D8-B9A26F7E4CF6}.Release|Any CPU.Build.0 = Release|Any CPU
	EndGlobalSection
	GlobalSection(SolutionProperties) = preSolution
		HideSolutionNode = FALSE
	EndGlobalSection
	GlobalSection(ExtensibilityGlobals) = postSolution
		SolutionGuid = {099F0220-2751-4DB8-B51C-75BFD4FDCF7B}
	EndGlobalSection
EndGlobal
